// !$*UTF8*$!
{
	archiveVersion = 1;
	classes = {
	};
	objectVersion = 56;
	objects = {

/* Begin PBXBuildFile section */
		A44B2FDF2901C5F9002E1062 /* AppDelegate.swift in Sources */ = {isa = PBXBuildFile; fileRef = A44B2FDE2901C5F9002E1062 /* AppDelegate.swift */; };
		A44B2FE12901C5F9002E1062 /* SceneDelegate.swift in Sources */ = {isa = PBXBuildFile; fileRef = A44B2FE02901C5F9002E1062 /* SceneDelegate.swift */; };
		A44B2FE32901C5F9002E1062 /* ListViewController.swift in Sources */ = {isa = PBXBuildFile; fileRef = A44B2FE22901C5F9002E1062 /* ListViewController.swift */; };
		A44B2FE82901C5FA002E1062 /* Assets.xcassets in Resources */ = {isa = PBXBuildFile; fileRef = A44B2FE72901C5FA002E1062 /* Assets.xcassets */; };
		A44B2FEB2901C5FA002E1062 /* LaunchScreen.storyboard in Resources */ = {isa = PBXBuildFile; fileRef = A44B2FE92901C5FA002E1062 /* LaunchScreen.storyboard */; };
		A44B2FF32901C6F1002E1062 /* ApiManager.swift in Sources */ = {isa = PBXBuildFile; fileRef = A44B2FF22901C6F1002E1062 /* ApiManager.swift */; };
		A44B2FF52901D5F9002E1062 /* DetailViewController.swift in Sources */ = {isa = PBXBuildFile; fileRef = A44B2FF42901D5F9002E1062 /* DetailViewController.swift */; };
		A44B2FF72901DD02002E1062 /* MainViewController.swift in Sources */ = {isa = PBXBuildFile; fileRef = A44B2FF62901DD02002E1062 /* MainViewController.swift */; };
		A4D3484029086B9000011488 /* FavoritesViewController.swift in Sources */ = {isa = PBXBuildFile; fileRef = A4D3483F29086B9000011488 /* FavoritesViewController.swift */; };
		A4D5DC5E2912FCDA00CD1FBB /* MainCoordinator.swift in Sources */ = {isa = PBXBuildFile; fileRef = A4D5DC5D2912FCDA00CD1FBB /* MainCoordinator.swift */; };
		A4D5DC602912FD5A00CD1FBB /* MainScreens.swift in Sources */ = {isa = PBXBuildFile; fileRef = A4D5DC5F2912FD5A00CD1FBB /* MainScreens.swift */; };
/* End PBXBuildFile section */

/* Begin PBXFileReference section */
		A44B2FDB2901C5F9002E1062 /* GithubFollowCheck.app */ = {isa = PBXFileReference; explicitFileType = wrapper.application; includeInIndex = 0; path = GithubFollowCheck.app; sourceTree = BUILT_PRODUCTS_DIR; };
		A44B2FDE2901C5F9002E1062 /* AppDelegate.swift */ = {isa = PBXFileReference; lastKnownFileType = sourcecode.swift; path = AppDelegate.swift; sourceTree = "<group>"; };
		A44B2FE02901C5F9002E1062 /* SceneDelegate.swift */ = {isa = PBXFileReference; lastKnownFileType = sourcecode.swift; path = SceneDelegate.swift; sourceTree = "<group>"; };
		A44B2FE22901C5F9002E1062 /* ListViewController.swift */ = {isa = PBXFileReference; lastKnownFileType = sourcecode.swift; path = ListViewController.swift; sourceTree = "<group>"; };
		A44B2FE72901C5FA002E1062 /* Assets.xcassets */ = {isa = PBXFileReference; lastKnownFileType = folder.assetcatalog; path = Assets.xcassets; sourceTree = "<group>"; };
		A44B2FEA2901C5FA002E1062 /* Base */ = {isa = PBXFileReference; lastKnownFileType = file.storyboard; name = Base; path = Base.lproj/LaunchScreen.storyboard; sourceTree = "<group>"; };
		A44B2FEC2901C5FA002E1062 /* Info.plist */ = {isa = PBXFileReference; lastKnownFileType = text.plist.xml; path = Info.plist; sourceTree = "<group>"; };
		A44B2FF22901C6F1002E1062 /* ApiManager.swift */ = {isa = PBXFileReference; lastKnownFileType = sourcecode.swift; path = ApiManager.swift; sourceTree = "<group>"; };
		A44B2FF42901D5F9002E1062 /* DetailViewController.swift */ = {isa = PBXFileReference; lastKnownFileType = sourcecode.swift; path = DetailViewController.swift; sourceTree = "<group>"; };
		A44B2FF62901DD02002E1062 /* MainViewController.swift */ = {isa = PBXFileReference; lastKnownFileType = sourcecode.swift; path = MainViewController.swift; sourceTree = "<group>"; };
		A4D3483F29086B9000011488 /* FavoritesViewController.swift */ = {isa = PBXFileReference; lastKnownFileType = sourcecode.swift; path = FavoritesViewController.swift; sourceTree = "<group>"; };
		A4D5DC5D2912FCDA00CD1FBB /* MainCoordinator.swift */ = {isa = PBXFileReference; lastKnownFileType = sourcecode.swift; path = MainCoordinator.swift; sourceTree = "<group>"; };
		A4D5DC5F2912FD5A00CD1FBB /* MainScreens.swift */ = {isa = PBXFileReference; lastKnownFileType = sourcecode.swift; path = MainScreens.swift; sourceTree = "<group>"; };
/* End PBXFileReference section */

/* Begin PBXFrameworksBuildPhase section */
		A44B2FD82901C5F9002E1062 /* Frameworks */ = {
			isa = PBXFrameworksBuildPhase;
			buildActionMask = 2147483647;
			files = (
			);
			runOnlyForDeploymentPostprocessing = 0;
		};
/* End PBXFrameworksBuildPhase section */

/* Begin PBXGroup section */
		A44B2FD22901C5F9002E1062 = {
			isa = PBXGroup;
			children = (
				A44B2FDD2901C5F9002E1062 /* GithubFollowCheck */,
				A44B2FDC2901C5F9002E1062 /* Products */,
			);
			sourceTree = "<group>";
		};
		A44B2FDC2901C5F9002E1062 /* Products */ = {
			isa = PBXGroup;
			children = (
				A44B2FDB2901C5F9002E1062 /* GithubFollowCheck.app */,
			);
			name = Products;
			sourceTree = "<group>";
		};
		A44B2FDD2901C5F9002E1062 /* GithubFollowCheck */ = {
			isa = PBXGroup;
			children = (
				A4D5DC542912FBCD00CD1FBB /* API */,
				A4D5DC552912FBD800CD1FBB /* Source */,
				A4D5DC532912FA9800CD1FBB /* Resources */,
			);
			path = GithubFollowCheck;
			sourceTree = "<group>";
		};
		A4D5DC532912FA9800CD1FBB /* Resources */ = {
			isa = PBXGroup;
			children = (
				A44B2FE92901C5FA002E1062 /* LaunchScreen.storyboard */,
				A44B2FE72901C5FA002E1062 /* Assets.xcassets */,
				A44B2FEC2901C5FA002E1062 /* Info.plist */,
			);
			path = Resources;
			sourceTree = "<group>";
		};
		A4D5DC542912FBCD00CD1FBB /* API */ = {
			isa = PBXGroup;
			children = (
				A44B2FF22901C6F1002E1062 /* ApiManager.swift */,
			);
			path = API;
			sourceTree = "<group>";
		};
		A4D5DC552912FBD800CD1FBB /* Source */ = {
			isa = PBXGroup;
			children = (
				A44B2FDE2901C5F9002E1062 /* AppDelegate.swift */,
				A44B2FE02901C5F9002E1062 /* SceneDelegate.swift */,
				A4D5DC562912FBEC00CD1FBB /* Main */,
				A4D5DC582912FBF700CD1FBB /* List */,
				A4D5DC572912FBF100CD1FBB /* Favorites */,
				A4D5DC592912FBFD00CD1FBB /* Detail */,
			);
			path = Source;
			sourceTree = "<group>";
		};
		A4D5DC562912FBEC00CD1FBB /* Main */ = {
			isa = PBXGroup;
			children = (
				A4D5DC5B2912FCA500CD1FBB /* Screens */,
				A4D5DC5A2912FC9E00CD1FBB /* VC */,
				A4D5DC5C2912FCAB00CD1FBB /* Coordinator */,
			);
			path = Main;
			sourceTree = "<group>";
		};
		A4D5DC572912FBF100CD1FBB /* Favorites */ = {
			isa = PBXGroup;
			children = (
				A4D3483F29086B9000011488 /* FavoritesViewController.swift */,
			);
			path = Favorites;
			sourceTree = "<group>";
		};
		A4D5DC582912FBF700CD1FBB /* List */ = {
			isa = PBXGroup;
			children = (
				A44B2FE22901C5F9002E1062 /* ListViewController.swift */,
			);
			path = List;
			sourceTree = "<group>";
		};
		A4D5DC592912FBFD00CD1FBB /* Detail */ = {
			isa = PBXGroup;
			children = (
				A44B2FF42901D5F9002E1062 /* DetailViewController.swift */,
			);
			path = Detail;
			sourceTree = "<group>";
		};
		A4D5DC5A2912FC9E00CD1FBB /* VC */ = {
			isa = PBXGroup;
			children = (
				A44B2FF62901DD02002E1062 /* MainViewController.swift */,
			);
			path = VC;
			sourceTree = "<group>";
		};
		A4D5DC5B2912FCA500CD1FBB /* Screens */ = {
			isa = PBXGroup;
			children = (
				A4D5DC5F2912FD5A00CD1FBB /* MainScreens.swift */,
			);
			path = Screens;
			sourceTree = "<group>";
		};
		A4D5DC5C2912FCAB00CD1FBB /* Coordinator */ = {
			isa = PBXGroup;
			children = (
				A4D5DC5D2912FCDA00CD1FBB /* MainCoordinator.swift */,
			);
			path = Coordinator;
			sourceTree = "<group>";
		};
/* End PBXGroup section */

/* Begin PBXNativeTarget section */
		A44B2FDA2901C5F9002E1062 /* GithubFollowCheck */ = {
			isa = PBXNativeTarget;
			buildConfigurationList = A44B2FEF2901C5FA002E1062 /* Build configuration list for PBXNativeTarget "GithubFollowCheck" */;
			buildPhases = (
				A44B2FD72901C5F9002E1062 /* Sources */,
				A44B2FD82901C5F9002E1062 /* Frameworks */,
				A44B2FD92901C5F9002E1062 /* Resources */,
			);
			buildRules = (
			);
			dependencies = (
			);
			name = GithubFollowCheck;
			productName = GithubFollowCheck;
			productReference = A44B2FDB2901C5F9002E1062 /* GithubFollowCheck.app */;
			productType = "com.apple.product-type.application";
		};
/* End PBXNativeTarget section */

/* Begin PBXProject section */
		A44B2FD32901C5F9002E1062 /* Project object */ = {
			isa = PBXProject;
			attributes = {
				BuildIndependentTargetsInParallel = 1;
				LastSwiftUpdateCheck = 1400;
				LastUpgradeCheck = 1400;
				TargetAttributes = {
					A44B2FDA2901C5F9002E1062 = {
						CreatedOnToolsVersion = 14.0.1;
					};
				};
			};
			buildConfigurationList = A44B2FD62901C5F9002E1062 /* Build configuration list for PBXProject "GithubFollowCheck" */;
			compatibilityVersion = "Xcode 14.0";
			developmentRegion = en;
			hasScannedForEncodings = 0;
			knownRegions = (
				en,
				Base,
			);
			mainGroup = A44B2FD22901C5F9002E1062;
			productRefGroup = A44B2FDC2901C5F9002E1062 /* Products */;
			projectDirPath = "";
			projectRoot = "";
			targets = (
				A44B2FDA2901C5F9002E1062 /* GithubFollowCheck */,
			);
		};
/* End PBXProject section */

/* Begin PBXResourcesBuildPhase section */
		A44B2FD92901C5F9002E1062 /* Resources */ = {
			isa = PBXResourcesBuildPhase;
			buildActionMask = 2147483647;
			files = (
				A44B2FEB2901C5FA002E1062 /* LaunchScreen.storyboard in Resources */,
				A44B2FE82901C5FA002E1062 /* Assets.xcassets in Resources */,
			);
			runOnlyForDeploymentPostprocessing = 0;
		};
/* End PBXResourcesBuildPhase section */

/* Begin PBXSourcesBuildPhase section */
		A44B2FD72901C5F9002E1062 /* Sources */ = {
			isa = PBXSourcesBuildPhase;
			buildActionMask = 2147483647;
			files = (
				A44B2FF32901C6F1002E1062 /* ApiManager.swift in Sources */,
				A4D5DC5E2912FCDA00CD1FBB /* MainCoordinator.swift in Sources */,
				A44B2FE32901C5F9002E1062 /* ListViewController.swift in Sources */,
				A4D3484029086B9000011488 /* FavoritesViewController.swift in Sources */,
				A4D5DC602912FD5A00CD1FBB /* MainScreens.swift in Sources */,
				A44B2FF52901D5F9002E1062 /* DetailViewController.swift in Sources */,
				A44B2FF72901DD02002E1062 /* MainViewController.swift in Sources */,
				A44B2FDF2901C5F9002E1062 /* AppDelegate.swift in Sources */,
				A44B2FE12901C5F9002E1062 /* SceneDelegate.swift in Sources */,
			);
			runOnlyForDeploymentPostprocessing = 0;
		};
/* End PBXSourcesBuildPhase section */

/* Begin PBXVariantGroup section */
		A44B2FE92901C5FA002E1062 /* LaunchScreen.storyboard */ = {
			isa = PBXVariantGroup;
			children = (
				A44B2FEA2901C5FA002E1062 /* Base */,
			);
			name = LaunchScreen.storyboard;
			sourceTree = "<group>";
		};
/* End PBXVariantGroup section */

/* Begin XCBuildConfiguration section */
		A44B2FED2901C5FA002E1062 /* Debug */ = {
			isa = XCBuildConfiguration;
			buildSettings = {
				ALWAYS_SEARCH_USER_PATHS = NO;
				CLANG_ANALYZER_NONNULL = YES;
				CLANG_ANALYZER_NUMBER_OBJECT_CONVERSION = YES_AGGRESSIVE;
				CLANG_CXX_LANGUAGE_STANDARD = "gnu++20";
				CLANG_ENABLE_MODULES = YES;
				CLANG_ENABLE_OBJC_ARC = YES;
				CLANG_ENABLE_OBJC_WEAK = YES;
				CLANG_WARN_BLOCK_CAPTURE_AUTORELEASING = YES;
				CLANG_WARN_BOOL_CONVERSION = YES;
				CLANG_WARN_COMMA = YES;
				CLANG_WARN_CONSTANT_CONVERSION = YES;
				CLANG_WARN_DEPRECATED_OBJC_IMPLEMENTATIONS = YES;
				CLANG_WARN_DIRECT_OBJC_ISA_USAGE = YES_ERROR;
				CLANG_WARN_DOCUMENTATION_COMMENTS = YES;
				CLANG_WARN_EMPTY_BODY = YES;
				CLANG_WARN_ENUM_CONVERSION = YES;
				CLANG_WARN_INFINITE_RECURSION = YES;
				CLANG_WARN_INT_CONVERSION = YES;
				CLANG_WARN_NON_LITERAL_NULL_CONVERSION = YES;
				CLANG_WARN_OBJC_IMPLICIT_RETAIN_SELF = YES;
				CLANG_WARN_OBJC_LITERAL_CONVERSION = YES;
				CLANG_WARN_OBJC_ROOT_CLASS = YES_ERROR;
				CLANG_WARN_QUOTED_INCLUDE_IN_FRAMEWORK_HEADER = YES;
				CLANG_WARN_RANGE_LOOP_ANALYSIS = YES;
				CLANG_WARN_STRICT_PROTOTYPES = YES;
				CLANG_WARN_SUSPICIOUS_MOVE = YES;
				CLANG_WARN_UNGUARDED_AVAILABILITY = YES_AGGRESSIVE;
				CLANG_WARN_UNREACHABLE_CODE = YES;
				CLANG_WARN__DUPLICATE_METHOD_MATCH = YES;
				COPY_PHASE_STRIP = NO;
				DEBUG_INFORMATION_FORMAT = dwarf;
				ENABLE_STRICT_OBJC_MSGSEND = YES;
				ENABLE_TESTABILITY = YES;
				GCC_C_LANGUAGE_STANDARD = gnu11;
				GCC_DYNAMIC_NO_PIC = NO;
				GCC_NO_COMMON_BLOCKS = YES;
				GCC_OPTIMIZATION_LEVEL = 0;
				GCC_PREPROCESSOR_DEFINITIONS = (
					"DEBUG=1",
					"$(inherited)",
				);
				GCC_WARN_64_TO_32_BIT_CONVERSION = YES;
				GCC_WARN_ABOUT_RETURN_TYPE = YES_ERROR;
				GCC_WARN_UNDECLARED_SELECTOR = YES;
				GCC_WARN_UNINITIALIZED_AUTOS = YES_AGGRESSIVE;
				GCC_WARN_UNUSED_FUNCTION = YES;
				GCC_WARN_UNUSED_VARIABLE = YES;
				IPHONEOS_DEPLOYMENT_TARGET = 16.0;
				MTL_ENABLE_DEBUG_INFO = INCLUDE_SOURCE;
				MTL_FAST_MATH = YES;
				ONLY_ACTIVE_ARCH = YES;
				SDKROOT = iphoneos;
				SWIFT_ACTIVE_COMPILATION_CONDITIONS = DEBUG;
				SWIFT_OPTIMIZATION_LEVEL = "-Onone";
			};
			name = Debug;
		};
		A44B2FEE2901C5FA002E1062 /* Release */ = {
			isa = XCBuildConfiguration;
			buildSettings = {
				ALWAYS_SEARCH_USER_PATHS = NO;
				CLANG_ANALYZER_NONNULL = YES;
				CLANG_ANALYZER_NUMBER_OBJECT_CONVERSION = YES_AGGRESSIVE;
				CLANG_CXX_LANGUAGE_STANDARD = "gnu++20";
				CLANG_ENABLE_MODULES = YES;
				CLANG_ENABLE_OBJC_ARC = YES;
				CLANG_ENABLE_OBJC_WEAK = YES;
				CLANG_WARN_BLOCK_CAPTURE_AUTORELEASING = YES;
				CLANG_WARN_BOOL_CONVERSION = YES;
				CLANG_WARN_COMMA = YES;
				CLANG_WARN_CONSTANT_CONVERSION = YES;
				CLANG_WARN_DEPRECATED_OBJC_IMPLEMENTATIONS = YES;
				CLANG_WARN_DIRECT_OBJC_ISA_USAGE = YES_ERROR;
				CLANG_WARN_DOCUMENTATION_COMMENTS = YES;
				CLANG_WARN_EMPTY_BODY = YES;
				CLANG_WARN_ENUM_CONVERSION = YES;
				CLANG_WARN_INFINITE_RECURSION = YES;
				CLANG_WARN_INT_CONVERSION = YES;
				CLANG_WARN_NON_LITERAL_NULL_CONVERSION = YES;
				CLANG_WARN_OBJC_IMPLICIT_RETAIN_SELF = YES;
				CLANG_WARN_OBJC_LITERAL_CONVERSION = YES;
				CLANG_WARN_OBJC_ROOT_CLASS = YES_ERROR;
				CLANG_WARN_QUOTED_INCLUDE_IN_FRAMEWORK_HEADER = YES;
				CLANG_WARN_RANGE_LOOP_ANALYSIS = YES;
				CLANG_WARN_STRICT_PROTOTYPES = YES;
				CLANG_WARN_SUSPICIOUS_MOVE = YES;
				CLANG_WARN_UNGUARDED_AVAILABILITY = YES_AGGRESSIVE;
				CLANG_WARN_UNREACHABLE_CODE = YES;
				CLANG_WARN__DUPLICATE_METHOD_MATCH = YES;
				COPY_PHASE_STRIP = NO;
				DEBUG_INFORMATION_FORMAT = "dwarf-with-dsym";
				ENABLE_NS_ASSERTIONS = NO;
				ENABLE_STRICT_OBJC_MSGSEND = YES;
				GCC_C_LANGUAGE_STANDARD = gnu11;
				GCC_NO_COMMON_BLOCKS = YES;
				GCC_WARN_64_TO_32_BIT_CONVERSION = YES;
				GCC_WARN_ABOUT_RETURN_TYPE = YES_ERROR;
				GCC_WARN_UNDECLARED_SELECTOR = YES;
				GCC_WARN_UNINITIALIZED_AUTOS = YES_AGGRESSIVE;
				GCC_WARN_UNUSED_FUNCTION = YES;
				GCC_WARN_UNUSED_VARIABLE = YES;
				IPHONEOS_DEPLOYMENT_TARGET = 16.0;
				MTL_ENABLE_DEBUG_INFO = NO;
				MTL_FAST_MATH = YES;
				SDKROOT = iphoneos;
				SWIFT_COMPILATION_MODE = wholemodule;
				SWIFT_OPTIMIZATION_LEVEL = "-O";
				VALIDATE_PRODUCT = YES;
			};
			name = Release;
		};
		A44B2FF02901C5FA002E1062 /* Debug */ = {
			isa = XCBuildConfiguration;
			buildSettings = {
				ASSETCATALOG_COMPILER_APPICON_NAME = AppIcon;
				ASSETCATALOG_COMPILER_GLOBAL_ACCENT_COLOR_NAME = AccentColor;
				CODE_SIGN_STYLE = Automatic;
				CURRENT_PROJECT_VERSION = 1;
				DEVELOPMENT_TEAM = CM9HQPL8H2;
				GENERATE_INFOPLIST_FILE = YES;
				INFOPLIST_FILE = GithubFollowCheck/Resources/Info.plist;
				INFOPLIST_KEY_UIApplicationSupportsIndirectInputEvents = YES;
				INFOPLIST_KEY_UILaunchStoryboardName = LaunchScreen;
				INFOPLIST_KEY_UISupportedInterfaceOrientations = UIInterfaceOrientationPortrait;
				INFOPLIST_KEY_UISupportedInterfaceOrientations_iPad = "UIInterfaceOrientationPortrait UIInterfaceOrientationPortraitUpsideDown";
				LD_RUNPATH_SEARCH_PATHS = (
					"$(inherited)",
					"@executable_path/Frameworks",
				);
				MARKETING_VERSION = 1.0;
				PRODUCT_BUNDLE_IDENTIFIER = com.marczaq.GithubFollowCheck;
				PRODUCT_NAME = "$(TARGET_NAME)";
				SWIFT_EMIT_LOC_STRINGS = YES;
				SWIFT_VERSION = 5.0;
				TARGETED_DEVICE_FAMILY = "1,2";
			};
			name = Debug;
		};
		A44B2FF12901C5FA002E1062 /* Release */ = {
			isa = XCBuildConfiguration;
			buildSettings = {
				ASSETCATALOG_COMPILER_APPICON_NAME = AppIcon;
				ASSETCATALOG_COMPILER_GLOBAL_ACCENT_COLOR_NAME = AccentColor;
				CODE_SIGN_STYLE = Automatic;
				CURRENT_PROJECT_VERSION = 1;
				DEVELOPMENT_TEAM = CM9HQPL8H2;
				GENERATE_INFOPLIST_FILE = YES;
				INFOPLIST_FILE = GithubFollowCheck/Resources/Info.plist;
				INFOPLIST_KEY_UIApplicationSupportsIndirectInputEvents = YES;
				INFOPLIST_KEY_UILaunchStoryboardName = LaunchScreen;
				INFOPLIST_KEY_UISupportedInterfaceOrientations = UIInterfaceOrientationPortrait;
				INFOPLIST_KEY_UISupportedInterfaceOrientations_iPad = "UIInterfaceOrientationPortrait UIInterfaceOrientationPortraitUpsideDown";
				LD_RUNPATH_SEARCH_PATHS = (
					"$(inherited)",
					"@executable_path/Frameworks",
				);
				MARKETING_VERSION = 1.0;
				PRODUCT_BUNDLE_IDENTIFIER = com.marczaq.GithubFollowCheck;
				PRODUCT_NAME = "$(TARGET_NAME)";
				SWIFT_EMIT_LOC_STRINGS = YES;
				SWIFT_VERSION = 5.0;
				TARGETED_DEVICE_FAMILY = "1,2";
			};
			name = Release;
		};
/* End XCBuildConfiguration section */

/* Begin XCConfigurationList section */
		A44B2FD62901C5F9002E1062 /* Build configuration list for PBXProject "GithubFollowCheck" */ = {
			isa = XCConfigurationList;
			buildConfigurations = (
				A44B2FED2901C5FA002E1062 /* Debug */,
				A44B2FEE2901C5FA002E1062 /* Release */,
			);
			defaultConfigurationIsVisible = 0;
			defaultConfigurationName = Release;
		};
		A44B2FEF2901C5FA002E1062 /* Build configuration list for PBXNativeTarget "GithubFollowCheck" */ = {
			isa = XCConfigurationList;
			buildConfigurations = (
				A44B2FF02901C5FA002E1062 /* Debug */,
				A44B2FF12901C5FA002E1062 /* Release */,
			);
			defaultConfigurationIsVisible = 0;
			defaultConfigurationName = Release;
		};
/* End XCConfigurationList section */
	};
	rootObject = A44B2FD32901C5F9002E1062 /* Project object */;
}
